
Microsoft Visual Studio Solution File, Format Version 12.00
# Visual Studio Version 16
VisualStudioVersion = 16.0.28315.86
MinimumVisualStudioVersion = 10.0.40219.1
Project("{2150E333-8FDC-42A3-9474-1A3956D46DE8}") = "Engine", "Engine", "{5DAB6307-EF41-4C4A-A141-AE05FA6B7F84}"
EndProject
Project("{2150E333-8FDC-42A3-9474-1A3956D46DE8}") = "Games", "Games", "{967E88AB-1F2B-475A-B6C6-76F4EB2C4ACF}"
EndProject
Project("{8BC9CEB8-8B4A-11D0-8D11-00A0C91BC942}") = "System_01", "Intermediate\ProjectFiles\System_01.vcxproj", "{084864AF-EDE4-461D-A136-6A22CDDC36AB}"
EndProject
Project("{8BC9CEB8-8B4A-11D0-8D11-00A0C91BC942}") = "UE4", "Intermediate\ProjectFiles\UE4.vcxproj", "{8D5049E3-5FF6-4D6E-B8FA-9FC8BA1E378D}"
EndProject
Project("{2150E333-8FDC-42A3-9474-1A3956D46DE8}") = "Visualizers", "Visualizers", "{5B004882-58DA-403D-8B11-00569AC0AAEB}"
	ProjectSection(SolutionItems) = preProject
		..\..\..\Program Files\EpicGames\UE_4.24\Engine\Extras\VisualStudioDebugging\UE4.natvis = ..\..\..\Program Files\EpicGames\UE_4.24\Engine\Extras\VisualStudioDebugging\UE4.natvis
	EndProjectSection
EndProject
Global
	GlobalSection(SolutionConfigurationPlatforms) = preSolution
		DebugGame Editor|Win32 = DebugGame Editor|Win32
		DebugGame Editor|Win64 = DebugGame Editor|Win64
		DebugGame|Win32 = DebugGame|Win32
		DebugGame|Win64 = DebugGame|Win64
		Development Editor|Win32 = Development Editor|Win32
		Development Editor|Win64 = Development Editor|Win64
		Development|Win32 = Development|Win32
		Development|Win64 = Development|Win64
		Shipping|Win32 = Shipping|Win32
		Shipping|Win64 = Shipping|Win64
	EndGlobalSection
	GlobalSection(ProjectConfigurationPlatforms) = postSolution
		{084864AF-EDE4-461D-A136-6A22CDDC36AB}.DebugGame Editor|Win32.ActiveCfg = Invalid|Win32
		{084864AF-EDE4-461D-A136-6A22CDDC36AB}.DebugGame Editor|Win64.ActiveCfg = DebugGame_Editor|x64
		{084864AF-EDE4-461D-A136-6A22CDDC36AB}.DebugGame Editor|Win64.Build.0 = DebugGame_Editor|x64
		{084864AF-EDE4-461D-A136-6A22CDDC36AB}.DebugGame|Win32.ActiveCfg = DebugGame|Win32
		{084864AF-EDE4-461D-A136-6A22CDDC36AB}.DebugGame|Win32.Build.0 = DebugGame|Win32
		{084864AF-EDE4-461D-A136-6A22CDDC36AB}.DebugGame|Win64.ActiveCfg = DebugGame|x64
		{084864AF-EDE4-461D-A136-6A22CDDC36AB}.DebugGame|Win64.Build.0 = DebugGame|x64
		{084864AF-EDE4-461D-A136-6A22CDDC36AB}.Development Editor|Win32.ActiveCfg = Invalid|Win32
		{084864AF-EDE4-461D-A136-6A22CDDC36AB}.Development Editor|Win64.ActiveCfg = Development_Editor|x64
		{084864AF-EDE4-461D-A136-6A22CDDC36AB}.Development Editor|Win64.Build.0 = Development_Editor|x64
		{084864AF-EDE4-461D-A136-6A22CDDC36AB}.Development|Win32.ActiveCfg = Development|Win32
		{084864AF-EDE4-461D-A136-6A22CDDC36AB}.Development|Win32.Build.0 = Development|Win32
		{084864AF-EDE4-461D-A136-6A22CDDC36AB}.Development|Win64.ActiveCfg = Development|x64
		{084864AF-EDE4-461D-A136-6A22CDDC36AB}.Development|Win64.Build.0 = Development|x64
		{084864AF-EDE4-461D-A136-6A22CDDC36AB}.Shipping|Win32.ActiveCfg = Shipping|Win32
		{084864AF-EDE4-461D-A136-6A22CDDC36AB}.Shipping|Win32.Build.0 = Shipping|Win32
		{084864AF-EDE4-461D-A136-6A22CDDC36AB}.Shipping|Win64.ActiveCfg = Shipping|x64
		{084864AF-EDE4-461D-A136-6A22CDDC36AB}.Shipping|Win64.Build.0 = Shipping|x64
		{8D5049E3-5FF6-4D6E-B8FA-9FC8BA1E378D}.DebugGame Editor|Win32.ActiveCfg = BuiltWithUnrealBuildTool|Win32
		{8D5049E3-5FF6-4D6E-B8FA-9FC8BA1E378D}.DebugGame Editor|Win64.ActiveCfg = BuiltWithUnrealBuildTool|Win32
		{8D5049E3-5FF6-4D6E-B8FA-9FC8BA1E378D}.DebugGame|Win32.ActiveCfg = BuiltWithUnrealBuildTool|Win32
		{8D5049E3-5FF6-4D6E-B8FA-9FC8BA1E378D}.DebugGame|Win64.ActiveCfg = BuiltWithUnrealBuildTool|Win32
		{8D5049E3-5FF6-4D6E-B8FA-9FC8BA1E378D}.Development Editor|Win32.ActiveCfg = BuiltWithUnrealBuildTool|Win32
		{8D5049E3-5FF6-4D6E-B8FA-9FC8BA1E378D}.Development Editor|Win64.ActiveCfg = BuiltWithUnrealBuildTool|Win32
		{8D5049E3-5FF6-4D6E-B8FA-9FC8BA1E378D}.Development|Win32.ActiveCfg = BuiltWithUnrealBuildTool|Win32
		{8D5049E3-5FF6-4D6E-B8FA-9FC8BA1E378D}.Development|Win64.ActiveCfg = BuiltWithUnrealBuildTool|Win32
		{8D5049E3-5FF6-4D6E-B8FA-9FC8BA1E378D}.Shipping|Win32.ActiveCfg = BuiltWithUnrealBuildTool|Win32
		{8D5049E3-5FF6-4D6E-B8FA-9FC8BA1E378D}.Shipping|Win64.ActiveCfg = BuiltWithUnrealBuildTool|Win32
	EndGlobalSection
	GlobalSection(SolutionProperties) = preSolution
		HideSolutionNode = FALSE
	EndGlobalSection
	GlobalSection(NestedProjects) = preSolution
		{8D5049E3-5FF6-4D6E-B8FA-9FC8BA1E378D} = {5DAB6307-EF41-4C4A-A141-AE05FA6B7F84}
		{084864AF-EDE4-461D-A136-6A22CDDC36AB} = {967E88AB-1F2B-475A-B6C6-76F4EB2C4ACF}
	EndGlobalSection
EndGlobal
